PackratFormat: 1.4
PackratVersion: 0.9.3
RVersion: 4.3.2
Repos: CRAN=https://packagemanager.posit.co/cran/__linux__/jammy/latest

Package: R6
Source: RSPM
Version: 2.6.1
Hash: af3a76224cf388baeba1da636f942022

Package: RColorBrewer
Source: RSPM
Version: 1.1-3
Hash: c25e77c542c7cfa38c99c348677c62fc

Package: Rcpp
Source: RSPM
Version: 1.1.1-1.1
Hash: f118fbe1559ca4adad02f2aaf153180d

Package: S7
Source: RSPM
Version: 0.2.2
Hash: 6ab40f2d4732b17f1016ae6b3de23d10

Package: brio
Source: RSPM
Version: 1.1.5
Hash: 3af11e9b0a1528e710ae089740ba1052

Package: callr
Source: RSPM
Version: 3.7.6
Hash: a59179bc417b748541b9f1620404d120
Requires: R6, processx

Package: cli
Source: RSPM
Version: 3.6.6
Hash: 3c296c218f2213cde68a9d8f8ea6bde6

Package: cpp11
Source: RSPM
Version: 0.5.4
Hash: 26d5c81554cf37e1f76789b4ba3d7b71

Package: crayon
Source: RSPM
Version: 1.5.3
Hash: 0a31f177847922f29e4ce4d968e45ceb

Package: desc
Source: RSPM
Version: 1.4.3
Hash: 492f5e5369a6fd09ea0047db6c64dc89
Requires: R6, cli

Package: diffobj
Source: RSPM
Version: 0.3.6
Hash: 85fcf5476d694afeb8c403eeefccd49f
Requires: crayon

Package: evaluate
Source: RSPM
Version: 1.0.5
Hash: ebd15cceadf93140138781aaa0f486b7

Package: farver
Source: RSPM
Version: 2.1.2
Hash: dd3b5160f8e302a67235bef989e681bc

Package: fs
Source: RSPM
Version: 2.1.0
Hash: 8d6755b63b8a1c1fa1e602ffeb2c142a

Package: ggplot2
Source: RSPM
Version: 4.0.3
Hash: 74486b51a2cd3a841b3cdfdafd06f58d
Requires: S7, cli, gtable, isoband, lifecycle, rlang, scales, vctrs,
    withr

Package: glue
Source: RSPM
Version: 1.8.1
Hash: 8a22a4487df4ae84a697f87df2659bec

Package: gtable
Source: RSPM
Version: 0.3.6
Hash: 6b8ed7bae35fe1eba6fd2fa9e7f2e1ae
Requires: cli, glue, lifecycle, rlang

Package: highr
Source: RSPM
Version: 0.12
Hash: 30807a5b469a5c693454ff4ffe65e283
Requires: xfun

Package: isoband
Source: RSPM
Version: 0.3.0
Hash: e63259164e5f28fcc676d1fe45385dfa
Requires: cli, cpp11, rlang

Package: jsonlite
Source: RSPM
Version: 2.0.0
Hash: 3667c0aaecb280a06c3fd065d7bfd533

Package: knitr
Source: RSPM
Version: 1.51
Hash: c0ec1a613f9da1c523f421376a05475a
Requires: evaluate, highr, xfun, yaml

Package: labeling
Source: RSPM
Version: 0.4.3
Hash: b325ae120b98d5afec38437dab4bb3c0

Package: lifecycle
Source: RSPM
Version: 1.0.5
Hash: b08b6ec2f159a398c30dc68355af797a
Requires: cli, rlang

Package: magrittr
Source: RSPM
Version: 2.0.5
Hash: 0ecb5599f9b7456bc7fa59989bb9c32c

Package: packrat
Source: RSPM
Version: 0.9.3
Hash: c08a92f056c9c9a5c250fde58d989ba1

Package: pkgbuild
Source: RSPM
Version: 1.4.8
Hash: e201be6a8e0160606c0c9cbcad2df726
Requires: R6, callr, cli, desc, processx

Package: pkgload
Source: RSPM
Version: 1.5.2
Hash: f4869e0776bb6ee23a006fd169d2d72e
Requires: cli, desc, fs, glue, lifecycle, pkgbuild, processx, rlang,
    rprojroot

Package: praise
Source: RSPM
Version: 1.0.0
Hash: 77da8f1df873a4b91e5c4a68fe2fb1b6

Package: processx
Source: RSPM
Version: 3.9.0
Hash: 68d646bde3b96b8a02496fabb89dce6d
Requires: R6, ps

Package: ps
Source: RSPM
Version: 1.9.3
Hash: ed5b1a58c44da07c2560429664dbce2f

Package: rlang
Source: RSPM
Version: 1.2.0
Hash: 46361906dad372b697e5ac72221fb1d7

Package: rprojroot
Source: RSPM
Version: 2.1.1
Hash: 17c84028e6e6e7a34a6c83a5d4ea71d0

Package: scales
Source: RSPM
Version: 1.4.0
Hash: 63826de2db672c0e0442ad62633ed1c4
Requires: R6, RColorBrewer, cli, farver, glue, lifecycle, rlang,
    labeling, viridisLite

Package: testthat
Source: RSPM
Version: 3.3.2
Hash: 0e8e473dcc7c6d2c7a7e110b8a53926c
Requires: R6, brio, callr, cli, desc, evaluate, jsonlite, lifecycle,
    magrittr, pkgload, praise, processx, ps, rlang, withr, waldo

Package: vctrs
Source: RSPM
Version: 0.7.3
Hash: 6fa76a610118ad99bc7bad44fb8f7932
Requires: cli, glue, lifecycle, rlang

Package: viridisLite
Source: RSPM
Version: 0.4.3
Hash: 3823ca9d3a16d89c61ee093433d74567

Package: waldo
Source: RSPM
Version: 0.6.2
Hash: ca8dbe1611a241868a3fe797691d3533
Requires: cli, diffobj, glue, rlang

Package: withr
Source: RSPM
Version: 3.0.2
Hash: 14182d6ff06c8e00a03b9c2fd2579b06

Package: xfun
Source: RSPM
Version: 0.57
Hash: 38cecca748d413371cb507dd10082937

Package: yaml
Source: RSPM
Version: 2.3.12
Hash: 506ace91a889dc3d671303b6abe1fd4f
